github.com/McShelby/hugo-theme-relearn v0.0.0-20250410194211-fd809dc52362 h1:M8/THnG3hToIzRnyff8aPFqdwVIytH54V40+MzwKGx0=
github.com/McShelby/hugo-theme-relearn v0.0.0-20250410194211-fd809dc52362/go.mod h1:mKQQdxZNIlLvAj8X3tMq+RzntIJSr9z7XdzuMomt0IM=
github.com/McShelby/hugo-theme-relearn v0.0.0-20250603165220-e59b0bd36c54 h1:Zcdi8z6G+eQFFXdQGSw4a/E0y3gZeoP6ZFTC4TR5yms=
github.com/McShelby/hugo-theme-relearn v0.0.0-20250603165220-e59b0bd36c54/go.mod h1:mKQQdxZNIlLvAj8X3tMq+RzntIJSr9z7XdzuMomt0IM=
